
Microsoft Visual Studio Solution File, Format Version 12.00
# Visual Studio Version 17
VisualStudioVersion = 17.9.34622.214
MinimumVisualStudioVersion = 10.0.40219.1
Project("{9A19103F-16F7-4668-BE54-9A1E7A4F7556}") = "FashionShop_DACS", "FashionShop_DACS\FashionShop_DACS.csproj", "{68400166-8AC7-451D-A2BF-8EC193A0C3D4}"
EndProject
Project("{FAE04EC0-301F-11D3-BF4B-00C04F79EFBC}") = "FashionShop_DACS_API", "FashionShop_DACS_API\FashionShop_DACS_API.csproj", "{8C3B9510-3F65-496C-8FEC-CA690B67C462}"
EndProject
Global
	GlobalSection(SolutionConfigurationPlatforms) = preSolution
		Debug|Any CPU = Debug|Any CPU
		Release|Any CPU = Release|Any CPU
	EndGlobalSection
	GlobalSection(ProjectConfigurationPlatforms) = postSolution
		{68400166-8AC7-451D-A2BF-8EC193A0C3D4}.Debug|Any CPU.ActiveCfg = Debug|Any CPU
		{68400166-8AC7-451D-A2BF-8EC193A0C3D4}.Debug|Any CPU.Build.0 = Debug|Any CPU
		{68400166-8AC7-451D-A2BF-8EC193A0C3D4}.Release|Any CPU.ActiveCfg = Release|Any CPU
		{68400166-8AC7-451D-A2BF-8EC193A0C3D4}.Release|Any CPU.Build.0 = Release|Any CPU
		{8C3B9510-3F65-496C-8FEC-CA690B67C462}.Debug|Any CPU.ActiveCfg = Debug|Any CPU
		{8C3B9510-3F65-496C-8FEC-CA690B67C462}.Debug|Any CPU.Build.0 = Debug|Any CPU
		{8C3B9510-3F65-496C-8FEC-CA690B67C462}.Release|Any CPU.ActiveCfg = Release|Any CPU
		{8C3B9510-3F65-496C-8FEC-CA690B67C462}.Release|Any CPU.Build.0 = Release|Any CPU
	EndGlobalSection
	GlobalSection(SolutionProperties) = preSolution
		HideSolutionNode = FALSE
	EndGlobalSection
	GlobalSection(ExtensibilityGlobals) = postSolution
		SolutionGuid = {A459D45C-6F9E-4AD6-9603-3D776846588E}
	EndGlobalSection
EndGlobal
